
Microsoft Visual Studio Solution File, Format Version 12.00
# Visual Studio Version 17
VisualStudioVersion = 17.4.33110.190
MinimumVisualStudioVersion = 10.0.40219.1
Project("{888888A0-9F3D-457C-B088-3A5042F75D52}") = "DnDMasterHelp", "DnDMasterHelp\DnDMasterHelp.pyproj", "{F8222FAC-1458-4C3A-AFF2-6FF2F2D06354}"
EndProject
Global
	GlobalSection(SolutionConfigurationPlatforms) = preSolution
		Debug|Any CPU = Debug|Any CPU
		Release|Any CPU = Release|Any CPU
	EndGlobalSection
	GlobalSection(ProjectConfigurationPlatforms) = postSolution
		{F8222FAC-1458-4C3A-AFF2-6FF2F2D06354}.Debug|Any CPU.ActiveCfg = Debug|Any CPU
		{F8222FAC-1458-4C3A-AFF2-6FF2F2D06354}.Release|Any CPU.ActiveCfg = Release|Any CPU
	EndGlobalSection
	GlobalSection(SolutionProperties) = preSolution
		HideSolutionNode = FALSE
	EndGlobalSection
	GlobalSection(ExtensibilityGlobals) = postSolution
		SolutionGuid = {23E68611-599F-4EF7-BFF8-7103840BAC4E}
	EndGlobalSection
EndGlobal
